github.com/BurntSushi/toml v1.6.0 h1:dRaEfpa2VI55EwlIW72hMRHdWouJeRF7TPYhI+AUQjk=
github.com/BurntSushi/toml v1.6.0/go.mod h1:ukJfTF/6rtPPRCnwkur4qwRxa8vTRFBF0uk2lLoLwho=
github.com/corentings/chess/v2 v2.0.6 h1:dzis7s1XsXJ/4iphpVA5R2SfLm4FD0D2VHfbmHUXBlY=
github.com/corentings/chess/v2 v2.0.6/go.mod h1:JhWYDbjY81/7NECXrLzz4g2r9taaMEXvyqS4gYZciVE=
golang.org/x/exp v0.0.0-20250128182459-e0ece0dbea4c h1:KL/ZBHXgKGVmuZBZ01Lt57yE5ws8ZPSkkihmEyq7FXc=
golang.org/x/exp v0.0.0-20250128182459-e0ece0dbea4c/go.mod h1:tujkw807nyEEAamNbDrEGzRav+ilXA7PCRAd6xsmwiU=
